
Microsoft Visual Studio Solution File, Format Version 12.00
# Visual Studio Version 16
VisualStudioVersion = 16.0.31515.178
MinimumVisualStudioVersion = 10.0.40219.1
Project("{9A19103F-16F7-4668-BE54-9A1E7A4F7556}") = "CacheTower.SimpleInjectorContext", "CacheTower.SimpleInjectorContext\CacheTower.SimpleInjectorContext.csproj", "{1AD5C3A1-80D2-485D-AF61-9C6388632515}"
EndProject
Project("{2150E333-8FDC-42A3-9474-1A3956D46DE8}") = "Solution Items", "Solution Items", "{0E914CB1-5CCA-49F9-9576-F61061038593}"
	ProjectSection(SolutionItems) = preProject
		Build.ps1 = Build.ps1
		..\README.md = ..\README.md
	EndProjectSection
EndProject
Global
	GlobalSection(SolutionConfigurationPlatforms) = preSolution
		Debug|Any CPU = Debug|Any CPU
		Release|Any CPU = Release|Any CPU
	EndGlobalSection
	GlobalSection(ProjectConfigurationPlatforms) = postSolution
		{1AD5C3A1-80D2-485D-AF61-9C6388632515}.Debug|Any CPU.ActiveCfg = Debug|Any CPU
		{1AD5C3A1-80D2-485D-AF61-9C6388632515}.Debug|Any CPU.Build.0 = Debug|Any CPU
		{1AD5C3A1-80D2-485D-AF61-9C6388632515}.Release|Any CPU.ActiveCfg = Release|Any CPU
		{1AD5C3A1-80D2-485D-AF61-9C6388632515}.Release|Any CPU.Build.0 = Release|Any CPU
	EndGlobalSection
	GlobalSection(SolutionProperties) = preSolution
		HideSolutionNode = FALSE
	EndGlobalSection
	GlobalSection(ExtensibilityGlobals) = postSolution
		SolutionGuid = {0655EA5B-7FBC-4776-9E55-A1A0BC3A74A2}
	EndGlobalSection
EndGlobal
